
Microsoft Visual Studio Solution File, Format Version 12.00
# Visual Studio 15
Project("{FAE04EC0-301F-11D3-BF4B-00C04F79EFBC}") = "Assembly-CSharp", "Assembly-CSharp.csproj", "{DCA28143-4C52-C0AE-2674-C5D97E5F353B}"
EndProject
Project("{FAE04EC0-301F-11D3-BF4B-00C04F79EFBC}") = "Assembly-CSharp-Editor", "Assembly-CSharp-Editor.csproj", "{8872484F-D6BC-6CF2-172A-ED192DDDD364}"
EndProject
Global
	GlobalSection(SolutionConfigurationPlatforms) = preSolution
		Debug|Any CPU = Debug|Any CPU
		Release|Any CPU = Release|Any CPU
	EndGlobalSection
	GlobalSection(ProjectConfigurationPlatforms) = postSolution
		{DCA28143-4C52-C0AE-2674-C5D97E5F353B}.Debug|Any CPU.ActiveCfg = Debug|Any CPU
		{DCA28143-4C52-C0AE-2674-C5D97E5F353B}.Debug|Any CPU.Build.0 = Debug|Any CPU
		{DCA28143-4C52-C0AE-2674-C5D97E5F353B}.Release|Any CPU.ActiveCfg = Release|Any CPU
		{DCA28143-4C52-C0AE-2674-C5D97E5F353B}.Release|Any CPU.Build.0 = Release|Any CPU
		{8872484F-D6BC-6CF2-172A-ED192DDDD364}.Debug|Any CPU.ActiveCfg = Debug|Any CPU
		{8872484F-D6BC-6CF2-172A-ED192DDDD364}.Debug|Any CPU.Build.0 = Debug|Any CPU
		{8872484F-D6BC-6CF2-172A-ED192DDDD364}.Release|Any CPU.ActiveCfg = Release|Any CPU
		{8872484F-D6BC-6CF2-172A-ED192DDDD364}.Release|Any CPU.Build.0 = Release|Any CPU
	EndGlobalSection
	GlobalSection(SolutionProperties) = preSolution
		HideSolutionNode = FALSE
	EndGlobalSection
EndGlobal
