
Microsoft Visual Studio Solution File, Format Version 12.00
# Visual Studio 15
Project("{FAE04EC0-301F-11D3-BF4B-00C04F79EFBC}") = "Assembly-CSharp", "Assembly-CSharp.csproj", "{ED5F8AFC-B4D9-00E7-EC31-665232E0B9D0}"
EndProject
Project("{FAE04EC0-301F-11D3-BF4B-00C04F79EFBC}") = "Assembly-CSharp-Editor", "Assembly-CSharp-Editor.csproj", "{6276628E-AC5D-691B-AD9D-B509EF4FBBEF}"
EndProject
Global
	GlobalSection(SolutionConfigurationPlatforms) = preSolution
		Debug|Any CPU = Debug|Any CPU
		Release|Any CPU = Release|Any CPU
	EndGlobalSection
	GlobalSection(ProjectConfigurationPlatforms) = postSolution
		{ED5F8AFC-B4D9-00E7-EC31-665232E0B9D0}.Debug|Any CPU.ActiveCfg = Debug|Any CPU
		{ED5F8AFC-B4D9-00E7-EC31-665232E0B9D0}.Debug|Any CPU.Build.0 = Debug|Any CPU
		{ED5F8AFC-B4D9-00E7-EC31-665232E0B9D0}.Release|Any CPU.ActiveCfg = Release|Any CPU
		{ED5F8AFC-B4D9-00E7-EC31-665232E0B9D0}.Release|Any CPU.Build.0 = Release|Any CPU
		{6276628E-AC5D-691B-AD9D-B509EF4FBBEF}.Debug|Any CPU.ActiveCfg = Debug|Any CPU
		{6276628E-AC5D-691B-AD9D-B509EF4FBBEF}.Debug|Any CPU.Build.0 = Debug|Any CPU
		{6276628E-AC5D-691B-AD9D-B509EF4FBBEF}.Release|Any CPU.ActiveCfg = Release|Any CPU
		{6276628E-AC5D-691B-AD9D-B509EF4FBBEF}.Release|Any CPU.Build.0 = Release|Any CPU
	EndGlobalSection
	GlobalSection(SolutionProperties) = preSolution
		HideSolutionNode = FALSE
	EndGlobalSection
EndGlobal
